
Microsoft Visual Studio Solution File, Format Version 12.00
# Visual Studio Version 17
VisualStudioVersion = 17.8.34309.116
MinimumVisualStudioVersion = 10.0.40219.1
Project("{2150E333-8FDC-42A3-9474-1A3956D46DE8}") = "platforms", "platforms", "{4BC71BC9-C1BB-49E2-B605-EF117F22A917}"
EndProject
Project("{2150E333-8FDC-42A3-9474-1A3956D46DE8}") = "desktop", "desktop", "{41AF8F9F-4CED-4528-BB4F-2BB0B9A1C9E0}"
	ProjectSection(SolutionItems) = preProject
		desktop\NetX.AppContainer.ClassicDesktop\Bootstrap.cs = desktop\NetX.AppContainer.ClassicDesktop\Bootstrap.cs
	EndProjectSection
EndProject
Project("{9A19103F-16F7-4668-BE54-9A1E7A4F7556}") = "NetX.AppContainer", "platforms\desktop\NetX.AppContainer\NetX.AppContainer.csproj", "{5A09AE91-3384-46CB-AF0B-78504C0981FF}"
EndProject
Project("{9A19103F-16F7-4668-BE54-9A1E7A4F7556}") = "NetX.AppContainer.Desktop", "platforms\desktop\NetX.AppContainer.Desktop\NetX.AppContainer.Desktop.csproj", "{21E5C374-AB3E-4B2D-A2EE-0F4A04CE4530}"
EndProject
Project("{2150E333-8FDC-42A3-9474-1A3956D46DE8}") = "ui", "ui", "{BAC15688-5BEA-4611-85C4-8E9734D0CFDD}"
EndProject
Project("{9A19103F-16F7-4668-BE54-9A1E7A4F7556}") = "SukiUI", "ui\SukiUI.csproj", "{58262DFD-F546-445E-80A3-D28A752FD6F3}"
EndProject
Project("{2150E333-8FDC-42A3-9474-1A3956D46DE8}") = "addones", "addones", "{5884D5DB-22BC-416F-990D-4B1DBDDBE193}"
EndProject
Project("{2150E333-8FDC-42A3-9474-1A3956D46DE8}") = "contract", "contract", "{5C0C4433-852A-4486-BED0-F199EC0B0129}"
EndProject
Project("{9A19103F-16F7-4668-BE54-9A1E7A4F7556}") = "NetX.AppContainer.Contract", "contract\NetX.AppContainer.Contract\NetX.AppContainer.Contract.csproj", "{6A2BBC59-A3A0-4D5B-B292-DB5ECFF1083B}"
EndProject
Project("{2150E333-8FDC-42A3-9474-1A3956D46DE8}") = "common", "common", "{351D8CBB-82F0-4EDF-839F-3D7E4BA8C7A3}"
EndProject
Project("{9A19103F-16F7-4668-BE54-9A1E7A4F7556}") = "NetX.AppContainer.Common", "common\NetX.AppContainer.Common\NetX.AppContainer.Common.csproj", "{04653EA3-7DB9-409D-8AAB-48CBEAECF55B}"
EndProject
Project("{9A19103F-16F7-4668-BE54-9A1E7A4F7556}") = "MyDemo", "addones\demo\MyDemo\MyDemo.csproj", "{01E3287A-3453-425D-98CB-F2A4661551B2}"
EndProject
Project("{2150E333-8FDC-42A3-9474-1A3956D46DE8}") = "desktop", "desktop", "{184E49BE-821C-4532-BB4A-E63811BFA223}"
EndProject
Project("{9A19103F-16F7-4668-BE54-9A1E7A4F7556}") = "NetX.AppContainer.ClassicDesktop", "desktop\NetX.AppContainer.ClassicDesktop\NetX.AppContainer.ClassicDesktop.csproj", "{797906D6-3C0A-4755-827B-199088F21721}"
EndProject
Global
	GlobalSection(SolutionConfigurationPlatforms) = preSolution
		Debug|Any CPU = Debug|Any CPU
		Release|Any CPU = Release|Any CPU
	EndGlobalSection
	GlobalSection(ProjectConfigurationPlatforms) = postSolution
		{5A09AE91-3384-46CB-AF0B-78504C0981FF}.Debug|Any CPU.ActiveCfg = Debug|Any CPU
		{5A09AE91-3384-46CB-AF0B-78504C0981FF}.Debug|Any CPU.Build.0 = Debug|Any CPU
		{5A09AE91-3384-46CB-AF0B-78504C0981FF}.Release|Any CPU.ActiveCfg = Release|Any CPU
		{5A09AE91-3384-46CB-AF0B-78504C0981FF}.Release|Any CPU.Build.0 = Release|Any CPU
		{21E5C374-AB3E-4B2D-A2EE-0F4A04CE4530}.Debug|Any CPU.ActiveCfg = Debug|Any CPU
		{21E5C374-AB3E-4B2D-A2EE-0F4A04CE4530}.Debug|Any CPU.Build.0 = Debug|Any CPU
		{21E5C374-AB3E-4B2D-A2EE-0F4A04CE4530}.Release|Any CPU.ActiveCfg = Release|Any CPU
		{21E5C374-AB3E-4B2D-A2EE-0F4A04CE4530}.Release|Any CPU.Build.0 = Release|Any CPU
		{58262DFD-F546-445E-80A3-D28A752FD6F3}.Debug|Any CPU.ActiveCfg = Debug|Any CPU
		{58262DFD-F546-445E-80A3-D28A752FD6F3}.Debug|Any CPU.Build.0 = Debug|Any CPU
		{58262DFD-F546-445E-80A3-D28A752FD6F3}.Release|Any CPU.ActiveCfg = Release|Any CPU
		{58262DFD-F546-445E-80A3-D28A752FD6F3}.Release|Any CPU.Build.0 = Release|Any CPU
		{6A2BBC59-A3A0-4D5B-B292-DB5ECFF1083B}.Debug|Any CPU.ActiveCfg = Debug|Any CPU
		{6A2BBC59-A3A0-4D5B-B292-DB5ECFF1083B}.Debug|Any CPU.Build.0 = Debug|Any CPU
		{6A2BBC59-A3A0-4D5B-B292-DB5ECFF1083B}.Release|Any CPU.ActiveCfg = Release|Any CPU
		{6A2BBC59-A3A0-4D5B-B292-DB5ECFF1083B}.Release|Any CPU.Build.0 = Release|Any CPU
		{04653EA3-7DB9-409D-8AAB-48CBEAECF55B}.Debug|Any CPU.ActiveCfg = Debug|Any CPU
		{04653EA3-7DB9-409D-8AAB-48CBEAECF55B}.Debug|Any CPU.Build.0 = Debug|Any CPU
		{04653EA3-7DB9-409D-8AAB-48CBEAECF55B}.Release|Any CPU.ActiveCfg = Release|Any CPU
		{04653EA3-7DB9-409D-8AAB-48CBEAECF55B}.Release|Any CPU.Build.0 = Release|Any CPU
		{01E3287A-3453-425D-98CB-F2A4661551B2}.Debug|Any CPU.ActiveCfg = Debug|Any CPU
		{01E3287A-3453-425D-98CB-F2A4661551B2}.Debug|Any CPU.Build.0 = Debug|Any CPU
		{01E3287A-3453-425D-98CB-F2A4661551B2}.Release|Any CPU.ActiveCfg = Release|Any CPU
		{01E3287A-3453-425D-98CB-F2A4661551B2}.Release|Any CPU.Build.0 = Release|Any CPU
		{797906D6-3C0A-4755-827B-199088F21721}.Debug|Any CPU.ActiveCfg = Debug|Any CPU
		{797906D6-3C0A-4755-827B-199088F21721}.Debug|Any CPU.Build.0 = Debug|Any CPU
		{797906D6-3C0A-4755-827B-199088F21721}.Release|Any CPU.ActiveCfg = Release|Any CPU
		{797906D6-3C0A-4755-827B-199088F21721}.Release|Any CPU.Build.0 = Release|Any CPU
	EndGlobalSection
	GlobalSection(SolutionProperties) = preSolution
		HideSolutionNode = FALSE
	EndGlobalSection
	GlobalSection(NestedProjects) = preSolution
		{41AF8F9F-4CED-4528-BB4F-2BB0B9A1C9E0} = {4BC71BC9-C1BB-49E2-B605-EF117F22A917}
		{5A09AE91-3384-46CB-AF0B-78504C0981FF} = {41AF8F9F-4CED-4528-BB4F-2BB0B9A1C9E0}
		{21E5C374-AB3E-4B2D-A2EE-0F4A04CE4530} = {41AF8F9F-4CED-4528-BB4F-2BB0B9A1C9E0}
		{58262DFD-F546-445E-80A3-D28A752FD6F3} = {BAC15688-5BEA-4611-85C4-8E9734D0CFDD}
		{6A2BBC59-A3A0-4D5B-B292-DB5ECFF1083B} = {5C0C4433-852A-4486-BED0-F199EC0B0129}
		{04653EA3-7DB9-409D-8AAB-48CBEAECF55B} = {351D8CBB-82F0-4EDF-839F-3D7E4BA8C7A3}
		{01E3287A-3453-425D-98CB-F2A4661551B2} = {5884D5DB-22BC-416F-990D-4B1DBDDBE193}
		{797906D6-3C0A-4755-827B-199088F21721} = {184E49BE-821C-4532-BB4A-E63811BFA223}
	EndGlobalSection
	GlobalSection(ExtensibilityGlobals) = postSolution
		SolutionGuid = {AC4FF38D-16BF-43FA-A6A2-D37DC86B8226}
	EndGlobalSection
EndGlobal
