
Microsoft Visual Studio Solution File, Format Version 12.00
# Visual Studio Version 17
VisualStudioVersion = 17.8.34309.116
MinimumVisualStudioVersion = 10.0.40219.1
Project("{9A19103F-16F7-4668-BE54-9A1E7A4F7556}") = "NetX.AppCore", "Core\AppCore\NetX.AppCore.csproj", "{5A09AE91-3384-46CB-AF0B-78504C0981FF}"
EndProject
Project("{9A19103F-16F7-4668-BE54-9A1E7A4F7556}") = "SukiUI", "Core\SukiUI\SukiUI.csproj", "{58262DFD-F546-445E-80A3-D28A752FD6F3}"
EndProject
Project("{9A19103F-16F7-4668-BE54-9A1E7A4F7556}") = "NetX.AppCore.Contract", "Core\AppContract\NetX.AppCore.Contract.csproj", "{6A2BBC59-A3A0-4D5B-B292-DB5ECFF1083B}"
EndProject
Project("{9A19103F-16F7-4668-BE54-9A1E7A4F7556}") = "MyDemo", "Simple\MyDemo\MyDemo.csproj", "{01E3287A-3453-425D-98CB-F2A4661551B2}"
EndProject
Project("{2150E333-8FDC-42A3-9474-1A3956D46DE8}") = "Core", "Core", "{225D0A29-6BD6-4410-B33C-B9013821A02F}"
EndProject
Project("{2150E333-8FDC-42A3-9474-1A3956D46DE8}") = "Simple", "Simple", "{462DC518-02B8-44EE-8632-B361D57FF1A1}"
EndProject
Project("{2150E333-8FDC-42A3-9474-1A3956D46DE8}") = "Solution Items", "Solution Items", "{22C694F1-1559-4809-939D-0B9A8EFA1472}"
	ProjectSection(SolutionItems) = preProject
		Directory.Build.props = Directory.Build.props
		readme.md = readme.md
		appfilenesting = appfilenesting
	EndProjectSection
EndProject
Global
	GlobalSection(SolutionConfigurationPlatforms) = preSolution
		Debug|Any CPU = Debug|Any CPU
		Release|Any CPU = Release|Any CPU
	EndGlobalSection
	GlobalSection(ProjectConfigurationPlatforms) = postSolution
		{5A09AE91-3384-46CB-AF0B-78504C0981FF}.Debug|Any CPU.ActiveCfg = Debug|Any CPU
		{5A09AE91-3384-46CB-AF0B-78504C0981FF}.Debug|Any CPU.Build.0 = Debug|Any CPU
		{5A09AE91-3384-46CB-AF0B-78504C0981FF}.Release|Any CPU.ActiveCfg = Release|Any CPU
		{5A09AE91-3384-46CB-AF0B-78504C0981FF}.Release|Any CPU.Build.0 = Release|Any CPU
		{58262DFD-F546-445E-80A3-D28A752FD6F3}.Debug|Any CPU.ActiveCfg = Debug|Any CPU
		{58262DFD-F546-445E-80A3-D28A752FD6F3}.Debug|Any CPU.Build.0 = Debug|Any CPU
		{58262DFD-F546-445E-80A3-D28A752FD6F3}.Release|Any CPU.ActiveCfg = Release|Any CPU
		{58262DFD-F546-445E-80A3-D28A752FD6F3}.Release|Any CPU.Build.0 = Release|Any CPU
		{6A2BBC59-A3A0-4D5B-B292-DB5ECFF1083B}.Debug|Any CPU.ActiveCfg = Debug|Any CPU
		{6A2BBC59-A3A0-4D5B-B292-DB5ECFF1083B}.Debug|Any CPU.Build.0 = Debug|Any CPU
		{6A2BBC59-A3A0-4D5B-B292-DB5ECFF1083B}.Release|Any CPU.ActiveCfg = Release|Any CPU
		{6A2BBC59-A3A0-4D5B-B292-DB5ECFF1083B}.Release|Any CPU.Build.0 = Release|Any CPU
		{01E3287A-3453-425D-98CB-F2A4661551B2}.Debug|Any CPU.ActiveCfg = Debug|Any CPU
		{01E3287A-3453-425D-98CB-F2A4661551B2}.Debug|Any CPU.Build.0 = Debug|Any CPU
		{01E3287A-3453-425D-98CB-F2A4661551B2}.Release|Any CPU.ActiveCfg = Release|Any CPU
		{01E3287A-3453-425D-98CB-F2A4661551B2}.Release|Any CPU.Build.0 = Release|Any CPU
	EndGlobalSection
	GlobalSection(SolutionProperties) = preSolution
		HideSolutionNode = FALSE
	EndGlobalSection
	GlobalSection(NestedProjects) = preSolution
		{5A09AE91-3384-46CB-AF0B-78504C0981FF} = {225D0A29-6BD6-4410-B33C-B9013821A02F}
		{58262DFD-F546-445E-80A3-D28A752FD6F3} = {225D0A29-6BD6-4410-B33C-B9013821A02F}
		{6A2BBC59-A3A0-4D5B-B292-DB5ECFF1083B} = {225D0A29-6BD6-4410-B33C-B9013821A02F}
		{01E3287A-3453-425D-98CB-F2A4661551B2} = {462DC518-02B8-44EE-8632-B361D57FF1A1}
	EndGlobalSection
	GlobalSection(ExtensibilityGlobals) = postSolution
		SolutionGuid = {AC4FF38D-16BF-43FA-A6A2-D37DC86B8226}
	EndGlobalSection
EndGlobal
