
Microsoft Visual Studio Solution File, Format Version 12.00
# Visual Studio Version 17
VisualStudioVersion = 17.8.34309.116
MinimumVisualStudioVersion = 10.0.40219.1
Project("{9A19103F-16F7-4668-BE54-9A1E7A4F7556}") = "NetX.AppCore", "Apps\Core\AppCore\NetX.AppCore.csproj", "{5A09AE91-3384-46CB-AF0B-78504C0981FF}"
EndProject
Project("{9A19103F-16F7-4668-BE54-9A1E7A4F7556}") = "NetX.AppCore.Contract", "Apps\Core\AppContract\NetX.AppCore.Contract.csproj", "{6A2BBC59-A3A0-4D5B-B292-DB5ECFF1083B}"
EndProject
Project("{9A19103F-16F7-4668-BE54-9A1E7A4F7556}") = "MyDemo", "Apps\Simple\Desktop\MyDemo\MyDemo.csproj", "{01E3287A-3453-425D-98CB-F2A4661551B2}"
EndProject
Project("{2150E333-8FDC-42A3-9474-1A3956D46DE8}") = "Core", "Core", "{225D0A29-6BD6-4410-B33C-B9013821A02F}"
EndProject
Project("{2150E333-8FDC-42A3-9474-1A3956D46DE8}") = "Simple", "Simple", "{462DC518-02B8-44EE-8632-B361D57FF1A1}"
EndProject
Project("{2150E333-8FDC-42A3-9474-1A3956D46DE8}") = "Solution Items", "Solution Items", "{22C694F1-1559-4809-939D-0B9A8EFA1472}"
	ProjectSection(SolutionItems) = preProject
		appfilenesting = appfilenesting
		Directory.Build.props = Directory.Build.props
		readme.md = readme.md
	EndProjectSection
EndProject
Project("{2150E333-8FDC-42A3-9474-1A3956D46DE8}") = "Desktop", "Desktop", "{3EFAA03C-1357-4D8B-BA9D-847CE68D2C89}"
EndProject
Project("{2150E333-8FDC-42A3-9474-1A3956D46DE8}") = "Apps", "Apps", "{61EBC5F1-4A27-48F4-B323-8CE3AB0A0345}"
EndProject
Project("{2150E333-8FDC-42A3-9474-1A3956D46DE8}") = "Services", "Services", "{22D156FB-A6E0-4DE3-8E84-A7D7347BCD48}"
EndProject
Project("{2150E333-8FDC-42A3-9474-1A3956D46DE8}") = "Core", "Core", "{A8AC8353-21F0-4A1E-810A-984F65E3BB17}"
EndProject
Project("{9A19103F-16F7-4668-BE54-9A1E7A4F7556}") = "NetX.ServiceCore", "Services\ServiceCore\NetX.ServiceCore.csproj", "{EE110C5B-1547-4FF9-86A8-239828D8F3BA}"
EndProject
Project("{9A19103F-16F7-4668-BE54-9A1E7A4F7556}") = "NetX.RBAC", "Apps\Simple\Desktop\RBAC\NetX.RBAC.csproj", "{4B4C4844-5FF2-4992-BA98-FA7B99BF7C9F}"
EndProject
Project("{9A19103F-16F7-4668-BE54-9A1E7A4F7556}") = "DemoAddone", "Apps\Simple\Desktop\DemoAddone\DemoAddone.csproj", "{354B6935-FA60-4CCE-9E9C-D36726ED4C72}"
EndProject
Project("{2150E333-8FDC-42A3-9474-1A3956D46DE8}") = "Simple", "Simple", "{6A8865AD-70EF-4D88-8371-F5D08D553E72}"
EndProject
Project("{9A19103F-16F7-4668-BE54-9A1E7A4F7556}") = "MyDemo", "Services\Simple\MyDemo\MyDemo.csproj", "{097034DD-39E1-4017-BB4D-FC40ADB92525}"
EndProject
Project("{9A19103F-16F7-4668-BE54-9A1E7A4F7556}") = "NetX.RBAC.Service", "Services\Simple\RBACService\NetX.RBAC.Service.csproj", "{3E0500E7-DB39-4D65-8D40-FDC44C834B9B}"
EndProject
Project("{9A19103F-16F7-4668-BE54-9A1E7A4F7556}") = "DemoService", "Services\Simple\DemoService\DemoService.csproj", "{E9B68A6B-3F55-474E-960C-EA2F57062E54}"
EndProject
Project("{9A19103F-16F7-4668-BE54-9A1E7A4F7556}") = "FluentAvalonia", "Apps\Core\FluentAvalonia\FluentAvalonia.csproj", "{7F7511AE-E08C-4E90-A098-75EB601FCD43}"
EndProject
Global
	GlobalSection(SolutionConfigurationPlatforms) = preSolution
		Debug|Any CPU = Debug|Any CPU
		Release|Any CPU = Release|Any CPU
	EndGlobalSection
	GlobalSection(ProjectConfigurationPlatforms) = postSolution
		{5A09AE91-3384-46CB-AF0B-78504C0981FF}.Debug|Any CPU.ActiveCfg = Debug|Any CPU
		{5A09AE91-3384-46CB-AF0B-78504C0981FF}.Debug|Any CPU.Build.0 = Debug|Any CPU
		{5A09AE91-3384-46CB-AF0B-78504C0981FF}.Release|Any CPU.ActiveCfg = Release|Any CPU
		{5A09AE91-3384-46CB-AF0B-78504C0981FF}.Release|Any CPU.Build.0 = Release|Any CPU
		{6A2BBC59-A3A0-4D5B-B292-DB5ECFF1083B}.Debug|Any CPU.ActiveCfg = Debug|Any CPU
		{6A2BBC59-A3A0-4D5B-B292-DB5ECFF1083B}.Debug|Any CPU.Build.0 = Debug|Any CPU
		{6A2BBC59-A3A0-4D5B-B292-DB5ECFF1083B}.Release|Any CPU.ActiveCfg = Release|Any CPU
		{6A2BBC59-A3A0-4D5B-B292-DB5ECFF1083B}.Release|Any CPU.Build.0 = Release|Any CPU
		{01E3287A-3453-425D-98CB-F2A4661551B2}.Debug|Any CPU.ActiveCfg = Debug|Any CPU
		{01E3287A-3453-425D-98CB-F2A4661551B2}.Debug|Any CPU.Build.0 = Debug|Any CPU
		{01E3287A-3453-425D-98CB-F2A4661551B2}.Release|Any CPU.ActiveCfg = Release|Any CPU
		{01E3287A-3453-425D-98CB-F2A4661551B2}.Release|Any CPU.Build.0 = Release|Any CPU
		{EE110C5B-1547-4FF9-86A8-239828D8F3BA}.Debug|Any CPU.ActiveCfg = Debug|Any CPU
		{EE110C5B-1547-4FF9-86A8-239828D8F3BA}.Debug|Any CPU.Build.0 = Debug|Any CPU
		{EE110C5B-1547-4FF9-86A8-239828D8F3BA}.Release|Any CPU.ActiveCfg = Release|Any CPU
		{EE110C5B-1547-4FF9-86A8-239828D8F3BA}.Release|Any CPU.Build.0 = Release|Any CPU
		{4B4C4844-5FF2-4992-BA98-FA7B99BF7C9F}.Debug|Any CPU.ActiveCfg = Debug|Any CPU
		{4B4C4844-5FF2-4992-BA98-FA7B99BF7C9F}.Debug|Any CPU.Build.0 = Debug|Any CPU
		{4B4C4844-5FF2-4992-BA98-FA7B99BF7C9F}.Release|Any CPU.ActiveCfg = Release|Any CPU
		{4B4C4844-5FF2-4992-BA98-FA7B99BF7C9F}.Release|Any CPU.Build.0 = Release|Any CPU
		{354B6935-FA60-4CCE-9E9C-D36726ED4C72}.Debug|Any CPU.ActiveCfg = Debug|Any CPU
		{354B6935-FA60-4CCE-9E9C-D36726ED4C72}.Debug|Any CPU.Build.0 = Debug|Any CPU
		{354B6935-FA60-4CCE-9E9C-D36726ED4C72}.Release|Any CPU.ActiveCfg = Release|Any CPU
		{354B6935-FA60-4CCE-9E9C-D36726ED4C72}.Release|Any CPU.Build.0 = Release|Any CPU
		{097034DD-39E1-4017-BB4D-FC40ADB92525}.Debug|Any CPU.ActiveCfg = Debug|Any CPU
		{097034DD-39E1-4017-BB4D-FC40ADB92525}.Debug|Any CPU.Build.0 = Debug|Any CPU
		{097034DD-39E1-4017-BB4D-FC40ADB92525}.Release|Any CPU.ActiveCfg = Release|Any CPU
		{097034DD-39E1-4017-BB4D-FC40ADB92525}.Release|Any CPU.Build.0 = Release|Any CPU
		{3E0500E7-DB39-4D65-8D40-FDC44C834B9B}.Debug|Any CPU.ActiveCfg = Debug|Any CPU
		{3E0500E7-DB39-4D65-8D40-FDC44C834B9B}.Debug|Any CPU.Build.0 = Debug|Any CPU
		{3E0500E7-DB39-4D65-8D40-FDC44C834B9B}.Release|Any CPU.ActiveCfg = Release|Any CPU
		{3E0500E7-DB39-4D65-8D40-FDC44C834B9B}.Release|Any CPU.Build.0 = Release|Any CPU
		{E9B68A6B-3F55-474E-960C-EA2F57062E54}.Debug|Any CPU.ActiveCfg = Debug|Any CPU
		{E9B68A6B-3F55-474E-960C-EA2F57062E54}.Debug|Any CPU.Build.0 = Debug|Any CPU
		{E9B68A6B-3F55-474E-960C-EA2F57062E54}.Release|Any CPU.ActiveCfg = Release|Any CPU
		{E9B68A6B-3F55-474E-960C-EA2F57062E54}.Release|Any CPU.Build.0 = Release|Any CPU
		{7F7511AE-E08C-4E90-A098-75EB601FCD43}.Debug|Any CPU.ActiveCfg = Debug|Any CPU
		{7F7511AE-E08C-4E90-A098-75EB601FCD43}.Debug|Any CPU.Build.0 = Debug|Any CPU
		{7F7511AE-E08C-4E90-A098-75EB601FCD43}.Release|Any CPU.ActiveCfg = Release|Any CPU
		{7F7511AE-E08C-4E90-A098-75EB601FCD43}.Release|Any CPU.Build.0 = Release|Any CPU
	EndGlobalSection
	GlobalSection(SolutionProperties) = preSolution
		HideSolutionNode = FALSE
	EndGlobalSection
	GlobalSection(NestedProjects) = preSolution
		{5A09AE91-3384-46CB-AF0B-78504C0981FF} = {225D0A29-6BD6-4410-B33C-B9013821A02F}
		{6A2BBC59-A3A0-4D5B-B292-DB5ECFF1083B} = {225D0A29-6BD6-4410-B33C-B9013821A02F}
		{01E3287A-3453-425D-98CB-F2A4661551B2} = {3EFAA03C-1357-4D8B-BA9D-847CE68D2C89}
		{225D0A29-6BD6-4410-B33C-B9013821A02F} = {61EBC5F1-4A27-48F4-B323-8CE3AB0A0345}
		{462DC518-02B8-44EE-8632-B361D57FF1A1} = {61EBC5F1-4A27-48F4-B323-8CE3AB0A0345}
		{3EFAA03C-1357-4D8B-BA9D-847CE68D2C89} = {462DC518-02B8-44EE-8632-B361D57FF1A1}
		{A8AC8353-21F0-4A1E-810A-984F65E3BB17} = {22D156FB-A6E0-4DE3-8E84-A7D7347BCD48}
		{EE110C5B-1547-4FF9-86A8-239828D8F3BA} = {A8AC8353-21F0-4A1E-810A-984F65E3BB17}
		{4B4C4844-5FF2-4992-BA98-FA7B99BF7C9F} = {3EFAA03C-1357-4D8B-BA9D-847CE68D2C89}
		{354B6935-FA60-4CCE-9E9C-D36726ED4C72} = {3EFAA03C-1357-4D8B-BA9D-847CE68D2C89}
		{6A8865AD-70EF-4D88-8371-F5D08D553E72} = {22D156FB-A6E0-4DE3-8E84-A7D7347BCD48}
		{097034DD-39E1-4017-BB4D-FC40ADB92525} = {6A8865AD-70EF-4D88-8371-F5D08D553E72}
		{3E0500E7-DB39-4D65-8D40-FDC44C834B9B} = {6A8865AD-70EF-4D88-8371-F5D08D553E72}
		{E9B68A6B-3F55-474E-960C-EA2F57062E54} = {6A8865AD-70EF-4D88-8371-F5D08D553E72}
		{7F7511AE-E08C-4E90-A098-75EB601FCD43} = {225D0A29-6BD6-4410-B33C-B9013821A02F}
	EndGlobalSection
	GlobalSection(ExtensibilityGlobals) = postSolution
		SolutionGuid = {AC4FF38D-16BF-43FA-A6A2-D37DC86B8226}
	EndGlobalSection
EndGlobal
